// !$*UTF8*$!
{
	archiveVersion = 1;
	classes = {
	};
	objectVersion = 50;
	objects = {

/* Begin PBXBuildFile section */
		9B1D8BF02215069800D81C1E /* main.swift in Sources */ = {isa = PBXBuildFile; fileRef = 9B1D8BEF2215069800D81C1E /* main.swift */; };
		C68F7AFB2218835E0052D5CF /* Customers.swift in Sources */ = {isa = PBXBuildFile; fileRef = C68F7AFA2218835E0052D5CF /* Customers.swift */; };
		C68F7AFD221885CE0052D5CF /* ShoppingCart.swift in Sources */ = {isa = PBXBuildFile; fileRef = C68F7AFC221885CE0052D5CF /* ShoppingCart.swift */; };
		C68F7AFF221886A70052D5CF /* Orders.swift in Sources */ = {isa = PBXBuildFile; fileRef = C68F7AFE221886A70052D5CF /* Orders.swift */; };
		C68F7B04221887E20052D5CF /* OrderDetails.swift in Sources */ = {isa = PBXBuildFile; fileRef = C68F7B03221887E20052D5CF /* OrderDetails.swift */; };
		C68F7B0722188E580052D5CF /* ShippingInfo.swift in Sources */ = {isa = PBXBuildFile; fileRef = C68F7B0622188E580052D5CF /* ShippingInfo.swift */; };
		C68F7B0A221891A10052D5CF /* User.swift in Sources */ = {isa = PBXBuildFile; fileRef = C68F7B09221891A10052D5CF /* User.swift */; };
		C68F7B0C221893200052D5CF /* Administration.swift in Sources */ = {isa = PBXBuildFile; fileRef = C68F7B0B221893200052D5CF /* Administration.swift */; };
/* End PBXBuildFile section */

/* Begin PBXCopyFilesBuildPhase section */
		9B1D8BEA2215069800D81C1E /* CopyFiles */ = {
			isa = PBXCopyFilesBuildPhase;
			buildActionMask = 2147483647;
			dstPath = /usr/share/man/man1/;
			dstSubfolderSpec = 0;
			files = (
			);
			runOnlyForDeploymentPostprocessing = 1;
		};
/* End PBXCopyFilesBuildPhase section */

/* Begin PBXFileReference section */
		9B1D8BEC2215069800D81C1E /* Group7_W2019_MAD3004_FP */ = {isa = PBXFileReference; explicitFileType = "compiled.mach-o.executable"; includeInIndex = 0; path = Group7_W2019_MAD3004_FP; sourceTree = BUILT_PRODUCTS_DIR; };
		9B1D8BEF2215069800D81C1E /* main.swift */ = {isa = PBXFileReference; lastKnownFileType = sourcecode.swift; path = main.swift; sourceTree = "<group>"; };
		C68F7AFA2218835E0052D5CF /* Customers.swift */ = {isa = PBXFileReference; lastKnownFileType = sourcecode.swift; path = Customers.swift; sourceTree = "<group>"; };
		C68F7AFC221885CE0052D5CF /* ShoppingCart.swift */ = {isa = PBXFileReference; lastKnownFileType = sourcecode.swift; path = ShoppingCart.swift; sourceTree = "<group>"; };
		C68F7AFE221886A70052D5CF /* Orders.swift */ = {isa = PBXFileReference; lastKnownFileType = sourcecode.swift; path = Orders.swift; sourceTree = "<group>"; };
		C68F7B03221887E20052D5CF /* OrderDetails.swift */ = {isa = PBXFileReference; lastKnownFileType = sourcecode.swift; path = OrderDetails.swift; sourceTree = "<group>"; };
		C68F7B0622188E580052D5CF /* ShippingInfo.swift */ = {isa = PBXFileReference; lastKnownFileType = sourcecode.swift; path = ShippingInfo.swift; sourceTree = "<group>"; };
		C68F7B09221891A10052D5CF /* User.swift */ = {isa = PBXFileReference; lastKnownFileType = sourcecode.swift; path = User.swift; sourceTree = "<group>"; };
		C68F7B0B221893200052D5CF /* Administration.swift */ = {isa = PBXFileReference; lastKnownFileType = sourcecode.swift; path = Administration.swift; sourceTree = "<group>"; };
/* End PBXFileReference section */

/* Begin PBXFrameworksBuildPhase section */
		9B1D8BE92215069800D81C1E /* Frameworks */ = {
			isa = PBXFrameworksBuildPhase;
			buildActionMask = 2147483647;
			files = (
			);
			runOnlyForDeploymentPostprocessing = 0;
		};
/* End PBXFrameworksBuildPhase section */

/* Begin PBXGroup section */
		9B1D8BE32215069700D81C1E = {
			isa = PBXGroup;
			children = (
				9B1D8BEE2215069800D81C1E /* Group7_W2019_MAD3004_FP */,
				9B1D8BED2215069800D81C1E /* Products */,
			);
			sourceTree = "<group>";
		};
		9B1D8BED2215069800D81C1E /* Products */ = {
			isa = PBXGroup;
			children = (
				9B1D8BEC2215069800D81C1E /* Group7_W2019_MAD3004_FP */,
			);
			name = Products;
			sourceTree = "<group>";
		};
		9B1D8BEE2215069800D81C1E /* Group7_W2019_MAD3004_FP */ = {
			isa = PBXGroup;
			children = (
				C68F7B0D221893AA0052D5CF /* Shopping */,
				C68F7B082218914D0052D5CF /* LoginReg */,
				C68F7B052218892A0052D5CF /* Shipping */,
				C68F7B002218877C0052D5CF /* Orders */,
				9B1D8BEF2215069800D81C1E /* main.swift */,
			);
			path = Group7_W2019_MAD3004_FP;
			sourceTree = "<group>";
		};
		C68F7B002218877C0052D5CF /* Orders */ = {
			isa = PBXGroup;
			children = (
				C68F7AFE221886A70052D5CF /* Orders.swift */,
				C68F7B03221887E20052D5CF /* OrderDetails.swift */,
			);
			path = Orders;
			sourceTree = "<group>";
		};
		C68F7B052218892A0052D5CF /* Shipping */ = {
			isa = PBXGroup;
			children = (
				C68F7B0622188E580052D5CF /* ShippingInfo.swift */,
			);
			path = Shipping;
			sourceTree = "<group>";
		};
		C68F7B082218914D0052D5CF /* LoginReg */ = {
			isa = PBXGroup;
			children = (
				C68F7AFA2218835E0052D5CF /* Customers.swift */,
				C68F7B09221891A10052D5CF /* User.swift */,
				C68F7B0B221893200052D5CF /* Administration.swift */,
			);
			path = LoginReg;
			sourceTree = "<group>";
		};
		C68F7B0D221893AA0052D5CF /* Shopping */ = {
			isa = PBXGroup;
			children = (
				C68F7AFC221885CE0052D5CF /* ShoppingCart.swift */,
			);
			path = Shopping;
			sourceTree = "<group>";
		};
/* End PBXGroup section */

/* Begin PBXNativeTarget section */
		9B1D8BEB2215069800D81C1E /* Group7_W2019_MAD3004_FP */ = {
			isa = PBXNativeTarget;
			buildConfigurationList = 9B1D8BF32215069800D81C1E /* Build configuration list for PBXNativeTarget "Group7_W2019_MAD3004_FP" */;
			buildPhases = (
				9B1D8BE82215069800D81C1E /* Sources */,
				9B1D8BE92215069800D81C1E /* Frameworks */,
				9B1D8BEA2215069800D81C1E /* CopyFiles */,
			);
			buildRules = (
			);
			dependencies = (
			);
			name = Group7_W2019_MAD3004_FP;
			productName = Group7_W2019_MAD3004_FP;
			productReference = 9B1D8BEC2215069800D81C1E /* Group7_W2019_MAD3004_FP */;
			productType = "com.apple.product-type.tool";
		};
/* End PBXNativeTarget section */

/* Begin PBXProject section */
		9B1D8BE42215069700D81C1E /* Project object */ = {
			isa = PBXProject;
			attributes = {
				LastSwiftUpdateCheck = 1010;
				LastUpgradeCheck = 1010;
				ORGANIZATIONNAME = MacStudent;
				TargetAttributes = {
					9B1D8BEB2215069800D81C1E = {
						CreatedOnToolsVersion = 10.1;
					};
				};
			};
			buildConfigurationList = 9B1D8BE72215069700D81C1E /* Build configuration list for PBXProject "Group7_W2019_MAD3004_FP" */;
			compatibilityVersion = "Xcode 9.3";
			developmentRegion = en;
			hasScannedForEncodings = 0;
			knownRegions = (
				en,
			);
			mainGroup = 9B1D8BE32215069700D81C1E;
			productRefGroup = 9B1D8BED2215069800D81C1E /* Products */;
			projectDirPath = "";
			projectRoot = "";
			targets = (
				9B1D8BEB2215069800D81C1E /* Group7_W2019_MAD3004_FP */,
			);
		};
/* End PBXProject section */

/* Begin PBXSourcesBuildPhase section */
		9B1D8BE82215069800D81C1E /* Sources */ = {
			isa = PBXSourcesBuildPhase;
			buildActionMask = 2147483647;
			files = (
				C68F7B04221887E20052D5CF /* OrderDetails.swift in Sources */,
				9B1D8BF02215069800D81C1E /* main.swift in Sources */,
				C68F7AFD221885CE0052D5CF /* ShoppingCart.swift in Sources */,
				C68F7AFF221886A70052D5CF /* Orders.swift in Sources */,
				C68F7AFB2218835E0052D5CF /* Customers.swift in Sources */,
				C68F7B0C221893200052D5CF /* Administration.swift in Sources */,
				C68F7B0722188E580052D5CF /* ShippingInfo.swift in Sources */,
				C68F7B0A221891A10052D5CF /* User.swift in Sources */,
			);
			runOnlyForDeploymentPostprocessing = 0;
		};
/* End PBXSourcesBuildPhase section */

/* Begin XCBuildConfiguration section */
		9B1D8BF12215069800D81C1E /* Debug */ = {
			isa = XCBuildConfiguration;
			buildSettings = {
				ALWAYS_SEARCH_USER_PATHS = NO;
				CLANG_ANALYZER_NONNULL = YES;
				CLANG_ANALYZER_NUMBER_OBJECT_CONVERSION = YES_AGGRESSIVE;
				CLANG_CXX_LANGUAGE_STANDARD = "gnu++14";
				CLANG_CXX_LIBRARY = "libc++";
				CLANG_ENABLE_MODULES = YES;
				CLANG_ENABLE_OBJC_ARC = YES;
				CLANG_ENABLE_OBJC_WEAK = YES;
				CLANG_WARN_BLOCK_CAPTURE_AUTORELEASING = YES;
				CLANG_WARN_BOOL_CONVERSION = YES;
				CLANG_WARN_COMMA = YES;
				CLANG_WARN_CONSTANT_CONVERSION = YES;
				CLANG_WARN_DEPRECATED_OBJC_IMPLEMENTATIONS = YES;
				CLANG_WARN_DIRECT_OBJC_ISA_USAGE = YES_ERROR;
				CLANG_WARN_DOCUMENTATION_COMMENTS = YES;
				CLANG_WARN_EMPTY_BODY = YES;
				CLANG_WARN_ENUM_CONVERSION = YES;
				CLANG_WARN_INFINITE_RECURSION = YES;
				CLANG_WARN_INT_CONVERSION = YES;
				CLANG_WARN_NON_LITERAL_NULL_CONVERSION = YES;
				CLANG_WARN_OBJC_IMPLICIT_RETAIN_SELF = YES;
				CLANG_WARN_OBJC_LITERAL_CONVERSION = YES;
				CLANG_WARN_OBJC_ROOT_CLASS = YES_ERROR;
				CLANG_WARN_RANGE_LOOP_ANALYSIS = YES;
				CLANG_WARN_STRICT_PROTOTYPES = YES;
				CLANG_WARN_SUSPICIOUS_MOVE = YES;
				CLANG_WARN_UNGUARDED_AVAILABILITY = YES_AGGRESSIVE;
				CLANG_WARN_UNREACHABLE_CODE = YES;
				CLANG_WARN__DUPLICATE_METHOD_MATCH = YES;
				CODE_SIGN_IDENTITY = "-";
				COPY_PHASE_STRIP = NO;
				DEBUG_INFORMATION_FORMAT = dwarf;
				ENABLE_STRICT_OBJC_MSGSEND = YES;
				ENABLE_TESTABILITY = YES;
				GCC_C_LANGUAGE_STANDARD = gnu11;
				GCC_DYNAMIC_NO_PIC = NO;
				GCC_NO_COMMON_BLOCKS = YES;
				GCC_OPTIMIZATION_LEVEL = 0;
				GCC_PREPROCESSOR_DEFINITIONS = (
					"DEBUG=1",
					"$(inherited)",
				);
				GCC_WARN_64_TO_32_BIT_CONVERSION = YES;
				GCC_WARN_ABOUT_RETURN_TYPE = YES_ERROR;
				GCC_WARN_UNDECLARED_SELECTOR = YES;
				GCC_WARN_UNINITIALIZED_AUTOS = YES_AGGRESSIVE;
				GCC_WARN_UNUSED_FUNCTION = YES;
				GCC_WARN_UNUSED_VARIABLE = YES;
				MACOSX_DEPLOYMENT_TARGET = 10.14;
				MTL_ENABLE_DEBUG_INFO = INCLUDE_SOURCE;
				MTL_FAST_MATH = YES;
				ONLY_ACTIVE_ARCH = YES;
				SDKROOT = macosx;
				SWIFT_ACTIVE_COMPILATION_CONDITIONS = DEBUG;
				SWIFT_OPTIMIZATION_LEVEL = "-Onone";
			};
			name = Debug;
		};
		9B1D8BF22215069800D81C1E /* Release */ = {
			isa = XCBuildConfiguration;
			buildSettings = {
				ALWAYS_SEARCH_USER_PATHS = NO;
				CLANG_ANALYZER_NONNULL = YES;
				CLANG_ANALYZER_NUMBER_OBJECT_CONVERSION = YES_AGGRESSIVE;
				CLANG_CXX_LANGUAGE_STANDARD = "gnu++14";
				CLANG_CXX_LIBRARY = "libc++";
				CLANG_ENABLE_MODULES = YES;
				CLANG_ENABLE_OBJC_ARC = YES;
				CLANG_ENABLE_OBJC_WEAK = YES;
				CLANG_WARN_BLOCK_CAPTURE_AUTORELEASING = YES;
				CLANG_WARN_BOOL_CONVERSION = YES;
				CLANG_WARN_COMMA = YES;
				CLANG_WARN_CONSTANT_CONVERSION = YES;
				CLANG_WARN_DEPRECATED_OBJC_IMPLEMENTATIONS = YES;
				CLANG_WARN_DIRECT_OBJC_ISA_USAGE = YES_ERROR;
				CLANG_WARN_DOCUMENTATION_COMMENTS = YES;
				CLANG_WARN_EMPTY_BODY = YES;
				CLANG_WARN_ENUM_CONVERSION = YES;
				CLANG_WARN_INFINITE_RECURSION = YES;
				CLANG_WARN_INT_CONVERSION = YES;
				CLANG_WARN_NON_LITERAL_NULL_CONVERSION = YES;
				CLANG_WARN_OBJC_IMPLICIT_RETAIN_SELF = YES;
				CLANG_WARN_OBJC_LITERAL_CONVERSION = YES;
				CLANG_WARN_OBJC_ROOT_CLASS = YES_ERROR;
				CLANG_WARN_RANGE_LOOP_ANALYSIS = YES;
				CLANG_WARN_STRICT_PROTOTYPES = YES;
				CLANG_WARN_SUSPICIOUS_MOVE = YES;
				CLANG_WARN_UNGUARDED_AVAILABILITY = YES_AGGRESSIVE;
				CLANG_WARN_UNREACHABLE_CODE = YES;
				CLANG_WARN__DUPLICATE_METHOD_MATCH = YES;
				CODE_SIGN_IDENTITY = "-";
				COPY_PHASE_STRIP = NO;
				DEBUG_INFORMATION_FORMAT = "dwarf-with-dsym";
				ENABLE_NS_ASSERTIONS = NO;
				ENABLE_STRICT_OBJC_MSGSEND = YES;
				GCC_C_LANGUAGE_STANDARD = gnu11;
				GCC_NO_COMMON_BLOCKS = YES;
				GCC_WARN_64_TO_32_BIT_CONVERSION = YES;
				GCC_WARN_ABOUT_RETURN_TYPE = YES_ERROR;
				GCC_WARN_UNDECLARED_SELECTOR = YES;
				GCC_WARN_UNINITIALIZED_AUTOS = YES_AGGRESSIVE;
				GCC_WARN_UNUSED_FUNCTION = YES;
				GCC_WARN_UNUSED_VARIABLE = YES;
				MACOSX_DEPLOYMENT_TARGET = 10.14;
				MTL_ENABLE_DEBUG_INFO = NO;
				MTL_FAST_MATH = YES;
				SDKROOT = macosx;
				SWIFT_COMPILATION_MODE = wholemodule;
				SWIFT_OPTIMIZATION_LEVEL = "-O";
			};
			name = Release;
		};
		9B1D8BF42215069800D81C1E /* Debug */ = {
			isa = XCBuildConfiguration;
			buildSettings = {
				CODE_SIGN_STYLE = Automatic;
				PRODUCT_NAME = "$(TARGET_NAME)";
				SWIFT_VERSION = 4.2;
			};
			name = Debug;
		};
		9B1D8BF52215069800D81C1E /* Release */ = {
			isa = XCBuildConfiguration;
			buildSettings = {
				CODE_SIGN_STYLE = Automatic;
				PRODUCT_NAME = "$(TARGET_NAME)";
				SWIFT_VERSION = 4.2;
			};
			name = Release;
		};
/* End XCBuildConfiguration section */

/* Begin XCConfigurationList section */
		9B1D8BE72215069700D81C1E /* Build configuration list for PBXProject "Group7_W2019_MAD3004_FP" */ = {
			isa = XCConfigurationList;
			buildConfigurations = (
				9B1D8BF12215069800D81C1E /* Debug */,
				9B1D8BF22215069800D81C1E /* Release */,
			);
			defaultConfigurationIsVisible = 0;
			defaultConfigurationName = Release;
		};
		9B1D8BF32215069800D81C1E /* Build configuration list for PBXNativeTarget "Group7_W2019_MAD3004_FP" */ = {
			isa = XCConfigurationList;
			buildConfigurations = (
				9B1D8BF42215069800D81C1E /* Debug */,
				9B1D8BF52215069800D81C1E /* Release */,
			);
			defaultConfigurationIsVisible = 0;
			defaultConfigurationName = Release;
		};
/* End XCConfigurationList section */
	};
	rootObject = 9B1D8BE42215069700D81C1E /* Project object */;
}
